
Microsoft Visual Studio Solution File, Format Version 12.00
# Visual Studio Version 17
VisualStudioVersion = 17.0.31903.59
MinimumVisualStudioVersion = 10.0.40219.1
Project("{FAE04EC0-301F-11D3-BF4B-00C04F79EFBC}") = "NAudioTest", "NAudioTest\NAudioTest.csproj", "{F5BFA69D-9C58-44FC-B9CD-2E12241CC5E4}"
EndProject
Global
	GlobalSection(SolutionConfigurationPlatforms) = preSolution
		Debug|Any CPU = Debug|Any CPU
		Release|Any CPU = Release|Any CPU
	EndGlobalSection
	GlobalSection(ProjectConfigurationPlatforms) = postSolution
		{F5BFA69D-9C58-44FC-B9CD-2E12241CC5E4}.Debug|Any CPU.ActiveCfg = Debug|Any CPU
		{F5BFA69D-9C58-44FC-B9CD-2E12241CC5E4}.Debug|Any CPU.Build.0 = Debug|Any CPU
		{F5BFA69D-9C58-44FC-B9CD-2E12241CC5E4}.Release|Any CPU.ActiveCfg = Release|Any CPU
		{F5BFA69D-9C58-44FC-B9CD-2E12241CC5E4}.Release|Any CPU.Build.0 = Release|Any CPU
	EndGlobalSection
	GlobalSection(SolutionProperties) = preSolution
		HideSolutionNode = FALSE
	EndGlobalSection
	GlobalSection(ExtensibilityGlobals) = postSolution
		SolutionGuid = {23480140-7E3E-4F20-9B19-3A743F1359E3}
	EndGlobalSection
EndGlobal
